
Microsoft Visual Studio Solution File, Format Version 12.00
# Visual Studio 14
VisualStudioVersion = 14.0.24720.0
MinimumVisualStudioVersion = 10.0.40219.1
Project("{FAE04EC0-301F-11D3-BF4B-00C04F79EFBC}") = "HMSv", "HMSv\HMSv.csproj", "{F94656E7-2EE4-495B-B06A-802875093745}"
EndProject
Project("{FAE04EC0-301F-11D3-BF4B-00C04F79EFBC}") = "HMSv.Data", "HMSv.Data\HMSv.Data.csproj", "{08FFD687-4DEB-49E2-A2DA-88760A8DC627}"
EndProject
Project("{FAE04EC0-301F-11D3-BF4B-00C04F79EFBC}") = "HMSv.Entities", "HMSv.Entities\HMSv.Entities.csproj", "{4C5D97D0-5698-4262-81CD-67263D0B262D}"
EndProject
Project("{FAE04EC0-301F-11D3-BF4B-00C04F79EFBC}") = "HMSv.Services", "HMSv.Services\HMSv.Services.csproj", "{BF961763-AA9D-41AA-B11F-E99727E2DE56}"
EndProject
Global
	GlobalSection(SolutionConfigurationPlatforms) = preSolution
		Debug|Any CPU = Debug|Any CPU
		Release|Any CPU = Release|Any CPU
	EndGlobalSection
	GlobalSection(ProjectConfigurationPlatforms) = postSolution
		{F94656E7-2EE4-495B-B06A-802875093745}.Debug|Any CPU.ActiveCfg = Debug|Any CPU
		{F94656E7-2EE4-495B-B06A-802875093745}.Debug|Any CPU.Build.0 = Debug|Any CPU
		{F94656E7-2EE4-495B-B06A-802875093745}.Release|Any CPU.ActiveCfg = Release|Any CPU
		{F94656E7-2EE4-495B-B06A-802875093745}.Release|Any CPU.Build.0 = Release|Any CPU
		{08FFD687-4DEB-49E2-A2DA-88760A8DC627}.Debug|Any CPU.ActiveCfg = Debug|Any CPU
		{08FFD687-4DEB-49E2-A2DA-88760A8DC627}.Debug|Any CPU.Build.0 = Debug|Any CPU
		{08FFD687-4DEB-49E2-A2DA-88760A8DC627}.Release|Any CPU.ActiveCfg = Release|Any CPU
		{08FFD687-4DEB-49E2-A2DA-88760A8DC627}.Release|Any CPU.Build.0 = Release|Any CPU
		{4C5D97D0-5698-4262-81CD-67263D0B262D}.Debug|Any CPU.ActiveCfg = Debug|Any CPU
		{4C5D97D0-5698-4262-81CD-67263D0B262D}.Debug|Any CPU.Build.0 = Debug|Any CPU
		{4C5D97D0-5698-4262-81CD-67263D0B262D}.Release|Any CPU.ActiveCfg = Release|Any CPU
		{4C5D97D0-5698-4262-81CD-67263D0B262D}.Release|Any CPU.Build.0 = Release|Any CPU
		{BF961763-AA9D-41AA-B11F-E99727E2DE56}.Debug|Any CPU.ActiveCfg = Debug|Any CPU
		{BF961763-AA9D-41AA-B11F-E99727E2DE56}.Debug|Any CPU.Build.0 = Debug|Any CPU
		{BF961763-AA9D-41AA-B11F-E99727E2DE56}.Release|Any CPU.ActiveCfg = Release|Any CPU
		{BF961763-AA9D-41AA-B11F-E99727E2DE56}.Release|Any CPU.Build.0 = Release|Any CPU
	EndGlobalSection
	GlobalSection(SolutionProperties) = preSolution
		HideSolutionNode = FALSE
	EndGlobalSection
EndGlobal
